{
  "name": "integrates",
  "version": "1.0.0",
  "lockfileVersion": 1,
  "dependencies": {
    "acorn-globals": {
      "version": "4.3.4",
      "from": "acorn-globals@4.3.4",
      "dependencies": {
        "acorn": {
          "version": "7.1.1",
          "from": "acorn@^6.0.1"
        }
      }
    },
    "webpack": {
      "version": "4.42.0",
      "from": "webpack@4.42.0",
      "dependencies": {
        "acorn": {
          "version": "7.1.1",
          "from": "acorn@^6.2.1"
        }
      }
    }
  }
}
